// !$*UTF8*$!
{
	archiveVersion = 1;
	classes = {
	};
	objectVersion = 50;
	objects = {

/* Begin PBXBuildFile section */
		DCD2AA1E26E8E46300E8E73C /* AppDelegate.swift in Sources */ = {isa = PBXBuildFile; fileRef = DCD2AA1D26E8E46300E8E73C /* AppDelegate.swift */; };
		DCD2AA2026E8E46300E8E73C /* SceneDelegate.swift in Sources */ = {isa = PBXBuildFile; fileRef = DCD2AA1F26E8E46300E8E73C /* SceneDelegate.swift */; };
		DCD2AA2226E8E46300E8E73C /* ViewController.swift in Sources */ = {isa = PBXBuildFile; fileRef = DCD2AA2126E8E46300E8E73C /* ViewController.swift */; };
		DCD2AA2526E8E46300E8E73C /* Main.storyboard in Resources */ = {isa = PBXBuildFile; fileRef = DCD2AA2326E8E46300E8E73C /* Main.storyboard */; };
		DCD2AA2726E8E46400E8E73C /* Assets.xcassets in Resources */ = {isa = PBXBuildFile; fileRef = DCD2AA2626E8E46400E8E73C /* Assets.xcassets */; };
		DCD2AA2A26E8E46400E8E73C /* LaunchScreen.storyboard in Resources */ = {isa = PBXBuildFile; fileRef = DCD2AA2826E8E46400E8E73C /* LaunchScreen.storyboard */; };
		DCD2AA3526E8E46400E8E73C /* UITabBarControllerTests.swift in Sources */ = {isa = PBXBuildFile; fileRef = DCD2AA3426E8E46400E8E73C /* UITabBarControllerTests.swift */; };
		DCD2AA4026E8E46400E8E73C /* UITabBarControllerUITests.swift in Sources */ = {isa = PBXBuildFile; fileRef = DCD2AA3F26E8E46400E8E73C /* UITabBarControllerUITests.swift */; };
		DCD2AA4E26E8E55400E8E73C /* TabBarViewController.swift in Sources */ = {isa = PBXBuildFile; fileRef = DCD2AA4D26E8E55400E8E73C /* TabBarViewController.swift */; };
		DCD2AA5026E8F59800E8E73C /* FirstTabViewController.swift in Sources */ = {isa = PBXBuildFile; fileRef = DCD2AA4F26E8F59800E8E73C /* FirstTabViewController.swift */; };
/* End PBXBuildFile section */

/* Begin PBXContainerItemProxy section */
		DCD2AA3126E8E46400E8E73C /* PBXContainerItemProxy */ = {
			isa = PBXContainerItemProxy;
			containerPortal = DCD2AA1226E8E46300E8E73C /* Project object */;
			proxyType = 1;
			remoteGlobalIDString = DCD2AA1926E8E46300E8E73C;
			remoteInfo = UITabBarController;
		};
		DCD2AA3C26E8E46400E8E73C /* PBXContainerItemProxy */ = {
			isa = PBXContainerItemProxy;
			containerPortal = DCD2AA1226E8E46300E8E73C /* Project object */;
			proxyType = 1;
			remoteGlobalIDString = DCD2AA1926E8E46300E8E73C;
			remoteInfo = UITabBarController;
		};
/* End PBXContainerItemProxy section */

/* Begin PBXFileReference section */
		DCD2AA1A26E8E46300E8E73C /* UITabBarController.app */ = {isa = PBXFileReference; explicitFileType = wrapper.application; includeInIndex = 0; path = UITabBarController.app; sourceTree = BUILT_PRODUCTS_DIR; };
		DCD2AA1D26E8E46300E8E73C /* AppDelegate.swift */ = {isa = PBXFileReference; lastKnownFileType = sourcecode.swift; path = AppDelegate.swift; sourceTree = "<group>"; };
		DCD2AA1F26E8E46300E8E73C /* SceneDelegate.swift */ = {isa = PBXFileReference; lastKnownFileType = sourcecode.swift; path = SceneDelegate.swift; sourceTree = "<group>"; };
		DCD2AA2126E8E46300E8E73C /* ViewController.swift */ = {isa = PBXFileReference; lastKnownFileType = sourcecode.swift; path = ViewController.swift; sourceTree = "<group>"; };
		DCD2AA2426E8E46300E8E73C /* Base */ = {isa = PBXFileReference; lastKnownFileType = file.storyboard; name = Base; path = Base.lproj/Main.storyboard; sourceTree = "<group>"; };
		DCD2AA2626E8E46400E8E73C /* Assets.xcassets */ = {isa = PBXFileReference; lastKnownFileType = folder.assetcatalog; path = Assets.xcassets; sourceTree = "<group>"; };
		DCD2AA2926E8E46400E8E73C /* Base */ = {isa = PBXFileReference; lastKnownFileType = file.storyboard; name = Base; path = Base.lproj/LaunchScreen.storyboard; sourceTree = "<group>"; };
		DCD2AA2B26E8E46400E8E73C /* Info.plist */ = {isa = PBXFileReference; lastKnownFileType = text.plist.xml; path = Info.plist; sourceTree = "<group>"; };
		DCD2AA3026E8E46400E8E73C /* UITabBarControllerTests.xctest */ = {isa = PBXFileReference; explicitFileType = wrapper.cfbundle; includeInIndex = 0; path = UITabBarControllerTests.xctest; sourceTree = BUILT_PRODUCTS_DIR; };
		DCD2AA3426E8E46400E8E73C /* UITabBarControllerTests.swift */ = {isa = PBXFileReference; lastKnownFileType = sourcecode.swift; path = UITabBarControllerTests.swift; sourceTree = "<group>"; };
		DCD2AA3626E8E46400E8E73C /* Info.plist */ = {isa = PBXFileReference; lastKnownFileType = text.plist.xml; path = Info.plist; sourceTree = "<group>"; };
		DCD2AA3B26E8E46400E8E73C /* UITabBarControllerUITests.xctest */ = {isa = PBXFileReference; explicitFileType = wrapper.cfbundle; includeInIndex = 0; path = UITabBarControllerUITests.xctest; sourceTree = BUILT_PRODUCTS_DIR; };
		DCD2AA3F26E8E46400E8E73C /* UITabBarControllerUITests.swift */ = {isa = PBXFileReference; lastKnownFileType = sourcecode.swift; path = UITabBarControllerUITests.swift; sourceTree = "<group>"; };
		DCD2AA4126E8E46400E8E73C /* Info.plist */ = {isa = PBXFileReference; lastKnownFileType = text.plist.xml; path = Info.plist; sourceTree = "<group>"; };
		DCD2AA4D26E8E55400E8E73C /* TabBarViewController.swift */ = {isa = PBXFileReference; lastKnownFileType = sourcecode.swift; path = TabBarViewController.swift; sourceTree = "<group>"; };
		DCD2AA4F26E8F59800E8E73C /* FirstTabViewController.swift */ = {isa = PBXFileReference; lastKnownFileType = sourcecode.swift; path = FirstTabViewController.swift; sourceTree = "<group>"; };
/* End PBXFileReference section */

/* Begin PBXFrameworksBuildPhase section */
		DCD2AA1726E8E46300E8E73C /* Frameworks */ = {
			isa = PBXFrameworksBuildPhase;
			buildActionMask = 2147483647;
			files = (
			);
			runOnlyForDeploymentPostprocessing = 0;
		};
		DCD2AA2D26E8E46400E8E73C /* Frameworks */ = {
			isa = PBXFrameworksBuildPhase;
			buildActionMask = 2147483647;
			files = (
			);
			runOnlyForDeploymentPostprocessing = 0;
		};
		DCD2AA3826E8E46400E8E73C /* Frameworks */ = {
			isa = PBXFrameworksBuildPhase;
			buildActionMask = 2147483647;
			files = (
			);
			runOnlyForDeploymentPostprocessing = 0;
		};
/* End PBXFrameworksBuildPhase section */

/* Begin PBXGroup section */
		DCD2AA1126E8E46300E8E73C = {
			isa = PBXGroup;
			children = (
				DCD2AA1C26E8E46300E8E73C /* UITabBarController */,
				DCD2AA3326E8E46400E8E73C /* UITabBarControllerTests */,
				DCD2AA3E26E8E46400E8E73C /* UITabBarControllerUITests */,
				DCD2AA1B26E8E46300E8E73C /* Products */,
			);
			sourceTree = "<group>";
		};
		DCD2AA1B26E8E46300E8E73C /* Products */ = {
			isa = PBXGroup;
			children = (
				DCD2AA1A26E8E46300E8E73C /* UITabBarController.app */,
				DCD2AA3026E8E46400E8E73C /* UITabBarControllerTests.xctest */,
				DCD2AA3B26E8E46400E8E73C /* UITabBarControllerUITests.xctest */,
			);
			name = Products;
			sourceTree = "<group>";
		};
		DCD2AA1C26E8E46300E8E73C /* UITabBarController */ = {
			isa = PBXGroup;
			children = (
				DCD2AA1D26E8E46300E8E73C /* AppDelegate.swift */,
				DCD2AA1F26E8E46300E8E73C /* SceneDelegate.swift */,
				DCD2AA2126E8E46300E8E73C /* ViewController.swift */,
				DCD2AA2326E8E46300E8E73C /* Main.storyboard */,
				DCD2AA2626E8E46400E8E73C /* Assets.xcassets */,
				DCD2AA2826E8E46400E8E73C /* LaunchScreen.storyboard */,
				DCD2AA2B26E8E46400E8E73C /* Info.plist */,
				DCD2AA4D26E8E55400E8E73C /* TabBarViewController.swift */,
				DCD2AA4F26E8F59800E8E73C /* FirstTabViewController.swift */,
			);
			path = UITabBarController;
			sourceTree = "<group>";
		};
		DCD2AA3326E8E46400E8E73C /* UITabBarControllerTests */ = {
			isa = PBXGroup;
			children = (
				DCD2AA3426E8E46400E8E73C /* UITabBarControllerTests.swift */,
				DCD2AA3626E8E46400E8E73C /* Info.plist */,
			);
			path = UITabBarControllerTests;
			sourceTree = "<group>";
		};
		DCD2AA3E26E8E46400E8E73C /* UITabBarControllerUITests */ = {
			isa = PBXGroup;
			children = (
				DCD2AA3F26E8E46400E8E73C /* UITabBarControllerUITests.swift */,
				DCD2AA4126E8E46400E8E73C /* Info.plist */,
			);
			path = UITabBarControllerUITests;
			sourceTree = "<group>";
		};
/* End PBXGroup section */

/* Begin PBXNativeTarget section */
		DCD2AA1926E8E46300E8E73C /* UITabBarController */ = {
			isa = PBXNativeTarget;
			buildConfigurationList = DCD2AA4426E8E46400E8E73C /* Build configuration list for PBXNativeTarget "UITabBarController" */;
			buildPhases = (
				DCD2AA1626E8E46300E8E73C /* Sources */,
				DCD2AA1726E8E46300E8E73C /* Frameworks */,
				DCD2AA1826E8E46300E8E73C /* Resources */,
			);
			buildRules = (
			);
			dependencies = (
			);
			name = UITabBarController;
			productName = UITabBarController;
			productReference = DCD2AA1A26E8E46300E8E73C /* UITabBarController.app */;
			productType = "com.apple.product-type.application";
		};
		DCD2AA2F26E8E46400E8E73C /* UITabBarControllerTests */ = {
			isa = PBXNativeTarget;
			buildConfigurationList = DCD2AA4726E8E46400E8E73C /* Build configuration list for PBXNativeTarget "UITabBarControllerTests" */;
			buildPhases = (
				DCD2AA2C26E8E46400E8E73C /* Sources */,
				DCD2AA2D26E8E46400E8E73C /* Frameworks */,
				DCD2AA2E26E8E46400E8E73C /* Resources */,
			);
			buildRules = (
			);
			dependencies = (
				DCD2AA3226E8E46400E8E73C /* PBXTargetDependency */,
			);
			name = UITabBarControllerTests;
			productName = UITabBarControllerTests;
			productReference = DCD2AA3026E8E46400E8E73C /* UITabBarControllerTests.xctest */;
			productType = "com.apple.product-type.bundle.unit-test";
		};
		DCD2AA3A26E8E46400E8E73C /* UITabBarControllerUITests */ = {
			isa = PBXNativeTarget;
			buildConfigurationList = DCD2AA4A26E8E46400E8E73C /* Build configuration list for PBXNativeTarget "UITabBarControllerUITests" */;
			buildPhases = (
				DCD2AA3726E8E46400E8E73C /* Sources */,
				DCD2AA3826E8E46400E8E73C /* Frameworks */,
				DCD2AA3926E8E46400E8E73C /* Resources */,
			);
			buildRules = (
			);
			dependencies = (
				DCD2AA3D26E8E46400E8E73C /* PBXTargetDependency */,
			);
			name = UITabBarControllerUITests;
			productName = UITabBarControllerUITests;
			productReference = DCD2AA3B26E8E46400E8E73C /* UITabBarControllerUITests.xctest */;
			productType = "com.apple.product-type.bundle.ui-testing";
		};
/* End PBXNativeTarget section */

/* Begin PBXProject section */
		DCD2AA1226E8E46300E8E73C /* Project object */ = {
			isa = PBXProject;
			attributes = {
				LastSwiftUpdateCheck = 1250;
				LastUpgradeCheck = 1250;
				TargetAttributes = {
					DCD2AA1926E8E46300E8E73C = {
						CreatedOnToolsVersion = 12.5.1;
					};
					DCD2AA2F26E8E46400E8E73C = {
						CreatedOnToolsVersion = 12.5.1;
						TestTargetID = DCD2AA1926E8E46300E8E73C;
					};
					DCD2AA3A26E8E46400E8E73C = {
						CreatedOnToolsVersion = 12.5.1;
						TestTargetID = DCD2AA1926E8E46300E8E73C;
					};
				};
			};
			buildConfigurationList = DCD2AA1526E8E46300E8E73C /* Build configuration list for PBXProject "UITabBarController" */;
			compatibilityVersion = "Xcode 9.3";
			developmentRegion = en;
			hasScannedForEncodings = 0;
			knownRegions = (
				en,
				Base,
			);
			mainGroup = DCD2AA1126E8E46300E8E73C;
			productRefGroup = DCD2AA1B26E8E46300E8E73C /* Products */;
			projectDirPath = "";
			projectRoot = "";
			targets = (
				DCD2AA1926E8E46300E8E73C /* UITabBarController */,
				DCD2AA2F26E8E46400E8E73C /* UITabBarControllerTests */,
				DCD2AA3A26E8E46400E8E73C /* UITabBarControllerUITests */,
			);
		};
/* End PBXProject section */

/* Begin PBXResourcesBuildPhase section */
		DCD2AA1826E8E46300E8E73C /* Resources */ = {
			isa = PBXResourcesBuildPhase;
			buildActionMask = 2147483647;
			files = (
				DCD2AA2A26E8E46400E8E73C /* LaunchScreen.storyboard in Resources */,
				DCD2AA2726E8E46400E8E73C /* Assets.xcassets in Resources */,
				DCD2AA2526E8E46300E8E73C /* Main.storyboard in Resources */,
			);
			runOnlyForDeploymentPostprocessing = 0;
		};
		DCD2AA2E26E8E46400E8E73C /* Resources */ = {
			isa = PBXResourcesBuildPhase;
			buildActionMask = 2147483647;
			files = (
			);
			runOnlyForDeploymentPostprocessing = 0;
		};
		DCD2AA3926E8E46400E8E73C /* Resources */ = {
			isa = PBXResourcesBuildPhase;
			buildActionMask = 2147483647;
			files = (
			);
			runOnlyForDeploymentPostprocessing = 0;
		};
/* End PBXResourcesBuildPhase section */

/* Begin PBXSourcesBuildPhase section */
		DCD2AA1626E8E46300E8E73C /* Sources */ = {
			isa = PBXSourcesBuildPhase;
			buildActionMask = 2147483647;
			files = (
				DCD2AA4E26E8E55400E8E73C /* TabBarViewController.swift in Sources */,
				DCD2AA5026E8F59800E8E73C /* FirstTabViewController.swift in Sources */,
				DCD2AA2226E8E46300E8E73C /* ViewController.swift in Sources */,
				DCD2AA1E26E8E46300E8E73C /* AppDelegate.swift in Sources */,
				DCD2AA2026E8E46300E8E73C /* SceneDelegate.swift in Sources */,
			);
			runOnlyForDeploymentPostprocessing = 0;
		};
		DCD2AA2C26E8E46400E8E73C /* Sources */ = {
			isa = PBXSourcesBuildPhase;
			buildActionMask = 2147483647;
			files = (
				DCD2AA3526E8E46400E8E73C /* UITabBarControllerTests.swift in Sources */,
			);
			runOnlyForDeploymentPostprocessing = 0;
		};
		DCD2AA3726E8E46400E8E73C /* Sources */ = {
			isa = PBXSourcesBuildPhase;
			buildActionMask = 2147483647;
			files = (
				DCD2AA4026E8E46400E8E73C /* UITabBarControllerUITests.swift in Sources */,
			);
			runOnlyForDeploymentPostprocessing = 0;
		};
/* End PBXSourcesBuildPhase section */

/* Begin PBXTargetDependency section */
		DCD2AA3226E8E46400E8E73C /* PBXTargetDependency */ = {
			isa = PBXTargetDependency;
			target = DCD2AA1926E8E46300E8E73C /* UITabBarController */;
			targetProxy = DCD2AA3126E8E46400E8E73C /* PBXContainerItemProxy */;
		};
		DCD2AA3D26E8E46400E8E73C /* PBXTargetDependency */ = {
			isa = PBXTargetDependency;
			target = DCD2AA1926E8E46300E8E73C /* UITabBarController */;
			targetProxy = DCD2AA3C26E8E46400E8E73C /* PBXContainerItemProxy */;
		};
/* End PBXTargetDependency section */

/* Begin PBXVariantGroup section */
		DCD2AA2326E8E46300E8E73C /* Main.storyboard */ = {
			isa = PBXVariantGroup;
			children = (
				DCD2AA2426E8E46300E8E73C /* Base */,
			);
			name = Main.storyboard;
			sourceTree = "<group>";
		};
		DCD2AA2826E8E46400E8E73C /* LaunchScreen.storyboard */ = {
			isa = PBXVariantGroup;
			children = (
				DCD2AA2926E8E46400E8E73C /* Base */,
			);
			name = LaunchScreen.storyboard;
			sourceTree = "<group>";
		};
/* End PBXVariantGroup section */

/* Begin XCBuildConfiguration section */
		DCD2AA4226E8E46400E8E73C /* Debug */ = {
			isa = XCBuildConfiguration;
			buildSettings = {
				ALWAYS_SEARCH_USER_PATHS = NO;
				CLANG_ANALYZER_NONNULL = YES;
				CLANG_ANALYZER_NUMBER_OBJECT_CONVERSION = YES_AGGRESSIVE;
				CLANG_CXX_LANGUAGE_STANDARD = "gnu++14";
				CLANG_CXX_LIBRARY = "libc++";
				CLANG_ENABLE_MODULES = YES;
				CLANG_ENABLE_OBJC_ARC = YES;
				CLANG_ENABLE_OBJC_WEAK = YES;
				CLANG_WARN_BLOCK_CAPTURE_AUTORELEASING = YES;
				CLANG_WARN_BOOL_CONVERSION = YES;
				CLANG_WARN_COMMA = YES;
				CLANG_WARN_CONSTANT_CONVERSION = YES;
				CLANG_WARN_DEPRECATED_OBJC_IMPLEMENTATIONS = YES;
				CLANG_WARN_DIRECT_OBJC_ISA_USAGE = YES_ERROR;
				CLANG_WARN_DOCUMENTATION_COMMENTS = YES;
				CLANG_WARN_EMPTY_BODY = YES;
				CLANG_WARN_ENUM_CONVERSION = YES;
				CLANG_WARN_INFINITE_RECURSION = YES;
				CLANG_WARN_INT_CONVERSION = YES;
				CLANG_WARN_NON_LITERAL_NULL_CONVERSION = YES;
				CLANG_WARN_OBJC_IMPLICIT_RETAIN_SELF = YES;
				CLANG_WARN_OBJC_LITERAL_CONVERSION = YES;
				CLANG_WARN_OBJC_ROOT_CLASS = YES_ERROR;
				CLANG_WARN_QUOTED_INCLUDE_IN_FRAMEWORK_HEADER = YES;
				CLANG_WARN_RANGE_LOOP_ANALYSIS = YES;
				CLANG_WARN_STRICT_PROTOTYPES = YES;
				CLANG_WARN_SUSPICIOUS_MOVE = YES;
				CLANG_WARN_UNGUARDED_AVAILABILITY = YES_AGGRESSIVE;
				CLANG_WARN_UNREACHABLE_CODE = YES;
				CLANG_WARN__DUPLICATE_METHOD_MATCH = YES;
				COPY_PHASE_STRIP = NO;
				DEBUG_INFORMATION_FORMAT = dwarf;
				ENABLE_STRICT_OBJC_MSGSEND = YES;
				ENABLE_TESTABILITY = YES;
				GCC_C_LANGUAGE_STANDARD = gnu11;
				GCC_DYNAMIC_NO_PIC = NO;
				GCC_NO_COMMON_BLOCKS = YES;
				GCC_OPTIMIZATION_LEVEL = 0;
				GCC_PREPROCESSOR_DEFINITIONS = (
					"DEBUG=1",
					"$(inherited)",
				);
				GCC_WARN_64_TO_32_BIT_CONVERSION = YES;
				GCC_WARN_ABOUT_RETURN_TYPE = YES_ERROR;
				GCC_WARN_UNDECLARED_SELECTOR = YES;
				GCC_WARN_UNINITIALIZED_AUTOS = YES_AGGRESSIVE;
				GCC_WARN_UNUSED_FUNCTION = YES;
				GCC_WARN_UNUSED_VARIABLE = YES;
				IPHONEOS_DEPLOYMENT_TARGET = 14.5;
				MTL_ENABLE_DEBUG_INFO = INCLUDE_SOURCE;
				MTL_FAST_MATH = YES;
				ONLY_ACTIVE_ARCH = YES;
				SDKROOT = iphoneos;
				SWIFT_ACTIVE_COMPILATION_CONDITIONS = DEBUG;
				SWIFT_OPTIMIZATION_LEVEL = "-Onone";
			};
			name = Debug;
		};
		DCD2AA4326E8E46400E8E73C /* Release */ = {
			isa = XCBuildConfiguration;
			buildSettings = {
				ALWAYS_SEARCH_USER_PATHS = NO;
				CLANG_ANALYZER_NONNULL = YES;
				CLANG_ANALYZER_NUMBER_OBJECT_CONVERSION = YES_AGGRESSIVE;
				CLANG_CXX_LANGUAGE_STANDARD = "gnu++14";
				CLANG_CXX_LIBRARY = "libc++";
				CLANG_ENABLE_MODULES = YES;
				CLANG_ENABLE_OBJC_ARC = YES;
				CLANG_ENABLE_OBJC_WEAK = YES;
				CLANG_WARN_BLOCK_CAPTURE_AUTORELEASING = YES;
				CLANG_WARN_BOOL_CONVERSION = YES;
				CLANG_WARN_COMMA = YES;
				CLANG_WARN_CONSTANT_CONVERSION = YES;
				CLANG_WARN_DEPRECATED_OBJC_IMPLEMENTATIONS = YES;
				CLANG_WARN_DIRECT_OBJC_ISA_USAGE = YES_ERROR;
				CLANG_WARN_DOCUMENTATION_COMMENTS = YES;
				CLANG_WARN_EMPTY_BODY = YES;
				CLANG_WARN_ENUM_CONVERSION = YES;
				CLANG_WARN_INFINITE_RECURSION = YES;
				CLANG_WARN_INT_CONVERSION = YES;
				CLANG_WARN_NON_LITERAL_NULL_CONVERSION = YES;
				CLANG_WARN_OBJC_IMPLICIT_RETAIN_SELF = YES;
				CLANG_WARN_OBJC_LITERAL_CONVERSION = YES;
				CLANG_WARN_OBJC_ROOT_CLASS = YES_ERROR;
				CLANG_WARN_QUOTED_INCLUDE_IN_FRAMEWORK_HEADER = YES;
				CLANG_WARN_RANGE_LOOP_ANALYSIS = YES;
				CLANG_WARN_STRICT_PROTOTYPES = YES;
				CLANG_WARN_SUSPICIOUS_MOVE = YES;
				CLANG_WARN_UNGUARDED_AVAILABILITY = YES_AGGRESSIVE;
				CLANG_WARN_UNREACHABLE_CODE = YES;
				CLANG_WARN__DUPLICATE_METHOD_MATCH = YES;
				COPY_PHASE_STRIP = NO;
				DEBUG_INFORMATION_FORMAT = "dwarf-with-dsym";
				ENABLE_NS_ASSERTIONS = NO;
				ENABLE_STRICT_OBJC_MSGSEND = YES;
				GCC_C_LANGUAGE_STANDARD = gnu11;
				GCC_NO_COMMON_BLOCKS = YES;
				GCC_WARN_64_TO_32_BIT_CONVERSION = YES;
				GCC_WARN_ABOUT_RETURN_TYPE = YES_ERROR;
				GCC_WARN_UNDECLARED_SELECTOR = YES;
				GCC_WARN_UNINITIALIZED_AUTOS = YES_AGGRESSIVE;
				GCC_WARN_UNUSED_FUNCTION = YES;
				GCC_WARN_UNUSED_VARIABLE = YES;
				IPHONEOS_DEPLOYMENT_TARGET = 14.5;
				MTL_ENABLE_DEBUG_INFO = NO;
				MTL_FAST_MATH = YES;
				SDKROOT = iphoneos;
				SWIFT_COMPILATION_MODE = wholemodule;
				SWIFT_OPTIMIZATION_LEVEL = "-O";
				VALIDATE_PRODUCT = YES;
			};
			name = Release;
		};
		DCD2AA4526E8E46400E8E73C /* Debug */ = {
			isa = XCBuildConfiguration;
			buildSettings = {
				ASSETCATALOG_COMPILER_APPICON_NAME = AppIcon;
				ASSETCATALOG_COMPILER_GLOBAL_ACCENT_COLOR_NAME = AccentColor;
				CODE_SIGN_STYLE = Automatic;
				INFOPLIST_FILE = UITabBarController/Info.plist;
				LD_RUNPATH_SEARCH_PATHS = (
					"$(inherited)",
					"@executable_path/Frameworks",
				);
				PRODUCT_BUNDLE_IDENTIFIER = com.test.UITabBarController;
				PRODUCT_NAME = "$(TARGET_NAME)";
				SWIFT_VERSION = 5.0;
				TARGETED_DEVICE_FAMILY = "1,2";
			};
			name = Debug;
		};
		DCD2AA4626E8E46400E8E73C /* Release */ = {
			isa = XCBuildConfiguration;
			buildSettings = {
				ASSETCATALOG_COMPILER_APPICON_NAME = AppIcon;
				ASSETCATALOG_COMPILER_GLOBAL_ACCENT_COLOR_NAME = AccentColor;
				CODE_SIGN_STYLE = Automatic;
				INFOPLIST_FILE = UITabBarController/Info.plist;
				LD_RUNPATH_SEARCH_PATHS = (
					"$(inherited)",
					"@executable_path/Frameworks",
				);
				PRODUCT_BUNDLE_IDENTIFIER = com.test.UITabBarController;
				PRODUCT_NAME = "$(TARGET_NAME)";
				SWIFT_VERSION = 5.0;
				TARGETED_DEVICE_FAMILY = "1,2";
			};
			name = Release;
		};
		DCD2AA4826E8E46400E8E73C /* Debug */ = {
			isa = XCBuildConfiguration;
			buildSettings = {
				ALWAYS_EMBED_SWIFT_STANDARD_LIBRARIES = YES;
				BUNDLE_LOADER = "$(TEST_HOST)";
				CODE_SIGN_STYLE = Automatic;
				INFOPLIST_FILE = UITabBarControllerTests/Info.plist;
				IPHONEOS_DEPLOYMENT_TARGET = 14.5;
				LD_RUNPATH_SEARCH_PATHS = (
					"$(inherited)",
					"@executable_path/Frameworks",
					"@loader_path/Frameworks",
				);
				PRODUCT_BUNDLE_IDENTIFIER = com.test.UITabBarControllerTests;
				PRODUCT_NAME = "$(TARGET_NAME)";
				SWIFT_VERSION = 5.0;
				TARGETED_DEVICE_FAMILY = "1,2";
				TEST_HOST = "$(BUILT_PRODUCTS_DIR)/UITabBarController.app/UITabBarController";
			};
			name = Debug;
		};
		DCD2AA4926E8E46400E8E73C /* Release */ = {
			isa = XCBuildConfiguration;
			buildSettings = {
				ALWAYS_EMBED_SWIFT_STANDARD_LIBRARIES = YES;
				BUNDLE_LOADER = "$(TEST_HOST)";
				CODE_SIGN_STYLE = Automatic;
				INFOPLIST_FILE = UITabBarControllerTests/Info.plist;
				IPHONEOS_DEPLOYMENT_TARGET = 14.5;
				LD_RUNPATH_SEARCH_PATHS = (
					"$(inherited)",
					"@executable_path/Frameworks",
					"@loader_path/Frameworks",
				);
				PRODUCT_BUNDLE_IDENTIFIER = com.test.UITabBarControllerTests;
				PRODUCT_NAME = "$(TARGET_NAME)";
				SWIFT_VERSION = 5.0;
				TARGETED_DEVICE_FAMILY = "1,2";
				TEST_HOST = "$(BUILT_PRODUCTS_DIR)/UITabBarController.app/UITabBarController";
			};
			name = Release;
		};
		DCD2AA4B26E8E46400E8E73C /* Debug */ = {
			isa = XCBuildConfiguration;
			buildSettings = {
				ALWAYS_EMBED_SWIFT_STANDARD_LIBRARIES = YES;
				CODE_SIGN_STYLE = Automatic;
				INFOPLIST_FILE = UITabBarControllerUITests/Info.plist;
				LD_RUNPATH_SEARCH_PATHS = (
					"$(inherited)",
					"@executable_path/Frameworks",
					"@loader_path/Frameworks",
				);
				PRODUCT_BUNDLE_IDENTIFIER = com.test.UITabBarControllerUITests;
				PRODUCT_NAME = "$(TARGET_NAME)";
				SWIFT_VERSION = 5.0;
				TARGETED_DEVICE_FAMILY = "1,2";
				TEST_TARGET_NAME = UITabBarController;
			};
			name = Debug;
		};
		DCD2AA4C26E8E46400E8E73C /* Release */ = {
			isa = XCBuildConfiguration;
			buildSettings = {
				ALWAYS_EMBED_SWIFT_STANDARD_LIBRARIES = YES;
				CODE_SIGN_STYLE = Automatic;
				INFOPLIST_FILE = UITabBarControllerUITests/Info.plist;
				LD_RUNPATH_SEARCH_PATHS = (
					"$(inherited)",
					"@executable_path/Frameworks",
					"@loader_path/Frameworks",
				);
				PRODUCT_BUNDLE_IDENTIFIER = com.test.UITabBarControllerUITests;
				PRODUCT_NAME = "$(TARGET_NAME)";
				SWIFT_VERSION = 5.0;
				TARGETED_DEVICE_FAMILY = "1,2";
				TEST_TARGET_NAME = UITabBarController;
			};
			name = Release;
		};
/* End XCBuildConfiguration section */

/* Begin XCConfigurationList section */
		DCD2AA1526E8E46300E8E73C /* Build configuration list for PBXProject "UITabBarController" */ = {
			isa = XCConfigurationList;
			buildConfigurations = (
				DCD2AA4226E8E46400E8E73C /* Debug */,
				DCD2AA4326E8E46400E8E73C /* Release */,
			);
			defaultConfigurationIsVisible = 0;
			defaultConfigurationName = Release;
		};
		DCD2AA4426E8E46400E8E73C /* Build configuration list for PBXNativeTarget "UITabBarController" */ = {
			isa = XCConfigurationList;
			buildConfigurations = (
				DCD2AA4526E8E46400E8E73C /* Debug */,
				DCD2AA4626E8E46400E8E73C /* Release */,
			);
			defaultConfigurationIsVisible = 0;
			defaultConfigurationName = Release;
		};
		DCD2AA4726E8E46400E8E73C /* Build configuration list for PBXNativeTarget "UITabBarControllerTests" */ = {
			isa = XCConfigurationList;
			buildConfigurations = (
				DCD2AA4826E8E46400E8E73C /* Debug */,
				DCD2AA4926E8E46400E8E73C /* Release */,
			);
			defaultConfigurationIsVisible = 0;
			defaultConfigurationName = Release;
		};
		DCD2AA4A26E8E46400E8E73C /* Build configuration list for PBXNativeTarget "UITabBarControllerUITests" */ = {
			isa = XCConfigurationList;
			buildConfigurations = (
				DCD2AA4B26E8E46400E8E73C /* Debug */,
				DCD2AA4C26E8E46400E8E73C /* Release */,
			);
			defaultConfigurationIsVisible = 0;
			defaultConfigurationName = Release;
		};
/* End XCConfigurationList section */
	};
	rootObject = DCD2AA1226E8E46300E8E73C /* Project object */;
}
